// !$*UTF8*$!
{
	archiveVersion = 1;
	classes = {
	};
	objectVersion = 50;
	objects = {

/* Begin PBXBuildFile section */
		22535C0D225C5EC40000F46A /* PokemonService.swift in Sources */ = {isa = PBXBuildFile; fileRef = 22535C0C225C5EC40000F46A /* PokemonService.swift */; };
		22535C12225C63B50000F46A /* PokemonCell.swift in Sources */ = {isa = PBXBuildFile; fileRef = 22535C10225C63B50000F46A /* PokemonCell.swift */; };
		22535C13225C63B50000F46A /* PokemonCell.xib in Resources */ = {isa = PBXBuildFile; fileRef = 22535C11225C63B50000F46A /* PokemonCell.xib */; };
		22535C15225C63CE0000F46A /* PokemonListViewModel.swift in Sources */ = {isa = PBXBuildFile; fileRef = 22535C14225C63CE0000F46A /* PokemonListViewModel.swift */; };
		22535C17225C63DC0000F46A /* PokemonCellViewModel.swift in Sources */ = {isa = PBXBuildFile; fileRef = 22535C16225C63DC0000F46A /* PokemonCellViewModel.swift */; };
		225C701C225A4D6F0077D006 /* APIManager.swift in Sources */ = {isa = PBXBuildFile; fileRef = 225C701B225A4D6F0077D006 /* APIManager.swift */; };
		225C701F225A54CC0077D006 /* Models.swift in Sources */ = {isa = PBXBuildFile; fileRef = 225C701E225A54CC0077D006 /* Models.swift */; };
		2272BC2F225CA0E600846CC4 /* CheckListViewModel.swift in Sources */ = {isa = PBXBuildFile; fileRef = 2272BC2E225CA0E600846CC4 /* CheckListViewModel.swift */; };
		2272BC31225CA15E00846CC4 /* ChecklistCellViewModel.swift in Sources */ = {isa = PBXBuildFile; fileRef = 2272BC30225CA15E00846CC4 /* ChecklistCellViewModel.swift */; };
		229581532259D43A00B1343B /* LaunchScreen.storyboard in Resources */ = {isa = PBXBuildFile; fileRef = 229581522259D43A00B1343B /* LaunchScreen.storyboard */; };
		229581562259D5A300B1343B /* ChecklistVC.swift in Sources */ = {isa = PBXBuildFile; fileRef = 229581542259D5A300B1343B /* ChecklistVC.swift */; };
		229581572259D5A300B1343B /* ChecklistVC.xib in Resources */ = {isa = PBXBuildFile; fileRef = 229581552259D5A300B1343B /* ChecklistVC.xib */; };
		2295815C2259DF6B00B1343B /* PokemonListVC.swift in Sources */ = {isa = PBXBuildFile; fileRef = 2295815A2259DF6B00B1343B /* PokemonListVC.swift */; };
		2295815D2259DF6B00B1343B /* PokemonListVC.xib in Resources */ = {isa = PBXBuildFile; fileRef = 2295815B2259DF6B00B1343B /* PokemonListVC.xib */; };
		229581692259E00700B1343B /* ChecklistCell.swift in Sources */ = {isa = PBXBuildFile; fileRef = 229581672259E00700B1343B /* ChecklistCell.swift */; };
		2295816A2259E00700B1343B /* ChecklistCell.xib in Resources */ = {isa = PBXBuildFile; fileRef = 229581682259E00700B1343B /* ChecklistCell.xib */; };
		22C094D42259F6F800EFED9D /* API.swift in Sources */ = {isa = PBXBuildFile; fileRef = 22C094D32259F6F800EFED9D /* API.swift */; };
		22E4AD9522361C2100164CE0 /* AppDelegate.swift in Sources */ = {isa = PBXBuildFile; fileRef = 22E4AD9422361C2100164CE0 /* AppDelegate.swift */; };
		22E4AD9C22361C2400164CE0 /* Assets.xcassets in Resources */ = {isa = PBXBuildFile; fileRef = 22E4AD9B22361C2400164CE0 /* Assets.xcassets */; };
		DC890A6963AFE115DC731D9A /* Pods_CharlesGuide.framework in Frameworks */ = {isa = PBXBuildFile; fileRef = 83553143EBC88C79029F136A /* Pods_CharlesGuide.framework */; };
/* End PBXBuildFile section */

/* Begin PBXFileReference section */
		22535C0C225C5EC40000F46A /* PokemonService.swift */ = {isa = PBXFileReference; lastKnownFileType = sourcecode.swift; path = PokemonService.swift; sourceTree = "<group>"; };
		22535C10225C63B50000F46A /* PokemonCell.swift */ = {isa = PBXFileReference; lastKnownFileType = sourcecode.swift; path = PokemonCell.swift; sourceTree = "<group>"; };
		22535C11225C63B50000F46A /* PokemonCell.xib */ = {isa = PBXFileReference; lastKnownFileType = file.xib; path = PokemonCell.xib; sourceTree = "<group>"; };
		22535C14225C63CE0000F46A /* PokemonListViewModel.swift */ = {isa = PBXFileReference; lastKnownFileType = sourcecode.swift; path = PokemonListViewModel.swift; sourceTree = "<group>"; };
		22535C16225C63DC0000F46A /* PokemonCellViewModel.swift */ = {isa = PBXFileReference; lastKnownFileType = sourcecode.swift; path = PokemonCellViewModel.swift; sourceTree = "<group>"; };
		225C701B225A4D6F0077D006 /* APIManager.swift */ = {isa = PBXFileReference; lastKnownFileType = sourcecode.swift; path = APIManager.swift; sourceTree = "<group>"; };
		225C701E225A54CC0077D006 /* Models.swift */ = {isa = PBXFileReference; lastKnownFileType = sourcecode.swift; path = Models.swift; sourceTree = "<group>"; };
		2272BC2E225CA0E600846CC4 /* CheckListViewModel.swift */ = {isa = PBXFileReference; lastKnownFileType = sourcecode.swift; path = CheckListViewModel.swift; sourceTree = "<group>"; };
		2272BC30225CA15E00846CC4 /* ChecklistCellViewModel.swift */ = {isa = PBXFileReference; lastKnownFileType = sourcecode.swift; path = ChecklistCellViewModel.swift; sourceTree = "<group>"; };
		229581522259D43A00B1343B /* LaunchScreen.storyboard */ = {isa = PBXFileReference; lastKnownFileType = file.storyboard; path = LaunchScreen.storyboard; sourceTree = "<group>"; };
		229581542259D5A300B1343B /* ChecklistVC.swift */ = {isa = PBXFileReference; lastKnownFileType = sourcecode.swift; path = ChecklistVC.swift; sourceTree = "<group>"; };
		229581552259D5A300B1343B /* ChecklistVC.xib */ = {isa = PBXFileReference; lastKnownFileType = file.xib; path = ChecklistVC.xib; sourceTree = "<group>"; };
		2295815A2259DF6B00B1343B /* PokemonListVC.swift */ = {isa = PBXFileReference; lastKnownFileType = sourcecode.swift; path = PokemonListVC.swift; sourceTree = "<group>"; };
		2295815B2259DF6B00B1343B /* PokemonListVC.xib */ = {isa = PBXFileReference; lastKnownFileType = file.xib; path = PokemonListVC.xib; sourceTree = "<group>"; };
		229581672259E00700B1343B /* ChecklistCell.swift */ = {isa = PBXFileReference; lastKnownFileType = sourcecode.swift; path = ChecklistCell.swift; sourceTree = "<group>"; };
		229581682259E00700B1343B /* ChecklistCell.xib */ = {isa = PBXFileReference; lastKnownFileType = file.xib; path = ChecklistCell.xib; sourceTree = "<group>"; };
		22C094D32259F6F800EFED9D /* API.swift */ = {isa = PBXFileReference; lastKnownFileType = sourcecode.swift; path = API.swift; sourceTree = "<group>"; };
		22E4AD9122361C2100164CE0 /* CharlesGuide.app */ = {isa = PBXFileReference; explicitFileType = wrapper.application; includeInIndex = 0; path = CharlesGuide.app; sourceTree = BUILT_PRODUCTS_DIR; };
		22E4AD9422361C2100164CE0 /* AppDelegate.swift */ = {isa = PBXFileReference; lastKnownFileType = sourcecode.swift; path = AppDelegate.swift; sourceTree = "<group>"; };
		22E4AD9B22361C2400164CE0 /* Assets.xcassets */ = {isa = PBXFileReference; lastKnownFileType = folder.assetcatalog; path = Assets.xcassets; sourceTree = "<group>"; };
		22E4ADA022361C2400164CE0 /* Info.plist */ = {isa = PBXFileReference; lastKnownFileType = text.plist.xml; path = Info.plist; sourceTree = "<group>"; };
		3091CF309803E9A527B71F24 /* Pods-CharlesGuide.release.xcconfig */ = {isa = PBXFileReference; includeInIndex = 1; lastKnownFileType = text.xcconfig; name = "Pods-CharlesGuide.release.xcconfig"; path = "Pods/Target Support Files/Pods-CharlesGuide/Pods-CharlesGuide.release.xcconfig"; sourceTree = "<group>"; };
		83553143EBC88C79029F136A /* Pods_CharlesGuide.framework */ = {isa = PBXFileReference; explicitFileType = wrapper.framework; includeInIndex = 0; path = Pods_CharlesGuide.framework; sourceTree = BUILT_PRODUCTS_DIR; };
		855A86287F5C3FF8EB4C681B /* Pods-CharlesGuide.debug.xcconfig */ = {isa = PBXFileReference; includeInIndex = 1; lastKnownFileType = text.xcconfig; name = "Pods-CharlesGuide.debug.xcconfig"; path = "Pods/Target Support Files/Pods-CharlesGuide/Pods-CharlesGuide.debug.xcconfig"; sourceTree = "<group>"; };
/* End PBXFileReference section */

/* Begin PBXFrameworksBuildPhase section */
		22E4AD8E22361C2100164CE0 /* Frameworks */ = {
			isa = PBXFrameworksBuildPhase;
			buildActionMask = 2147483647;
			files = (
				DC890A6963AFE115DC731D9A /* Pods_CharlesGuide.framework in Frameworks */,
			);
			runOnlyForDeploymentPostprocessing = 0;
		};
/* End PBXFrameworksBuildPhase section */

/* Begin PBXGroup section */
		22535C0F225C639B0000F46A /* Cell */ = {
			isa = PBXGroup;
			children = (
				22535C10225C63B50000F46A /* PokemonCell.swift */,
				22535C11225C63B50000F46A /* PokemonCell.xib */,
				22535C16225C63DC0000F46A /* PokemonCellViewModel.swift */,
			);
			path = Cell;
			sourceTree = "<group>";
		};
		229581582259DF2600B1343B /* CheckList */ = {
			isa = PBXGroup;
			children = (
				2295815E2259DF9700B1343B /* Cell */,
				229581542259D5A300B1343B /* ChecklistVC.swift */,
				229581552259D5A300B1343B /* ChecklistVC.xib */,
				2272BC2E225CA0E600846CC4 /* CheckListViewModel.swift */,
			);
			path = CheckList;
			sourceTree = "<group>";
		};
		229581592259DF4F00B1343B /* PokemonList */ = {
			isa = PBXGroup;
			children = (
				22535C0F225C639B0000F46A /* Cell */,
				2295815A2259DF6B00B1343B /* PokemonListVC.swift */,
				2295815B2259DF6B00B1343B /* PokemonListVC.xib */,
				22535C14225C63CE0000F46A /* PokemonListViewModel.swift */,
			);
			path = PokemonList;
			sourceTree = "<group>";
		};
		2295815E2259DF9700B1343B /* Cell */ = {
			isa = PBXGroup;
			children = (
				229581672259E00700B1343B /* ChecklistCell.swift */,
				229581682259E00700B1343B /* ChecklistCell.xib */,
				2272BC30225CA15E00846CC4 /* ChecklistCellViewModel.swift */,
			);
			path = Cell;
			sourceTree = "<group>";
		};
		22C094D22259F6CA00EFED9D /* Service */ = {
			isa = PBXGroup;
			children = (
				22C094D32259F6F800EFED9D /* API.swift */,
				225C701B225A4D6F0077D006 /* APIManager.swift */,
				225C701E225A54CC0077D006 /* Models.swift */,
				22535C0C225C5EC40000F46A /* PokemonService.swift */,
			);
			path = Service;
			sourceTree = "<group>";
		};
		22E4AD8822361C2100164CE0 = {
			isa = PBXGroup;
			children = (
				22E4AD9322361C2100164CE0 /* CharlesGuide */,
				22E4AD9222361C2100164CE0 /* Products */,
				2E07D2D771D986F42442D12D /* Pods */,
				D0C28807BAB3E6E35F7B3412 /* Frameworks */,
			);
			sourceTree = "<group>";
		};
		22E4AD9222361C2100164CE0 /* Products */ = {
			isa = PBXGroup;
			children = (
				22E4AD9122361C2100164CE0 /* CharlesGuide.app */,
			);
			name = Products;
			sourceTree = "<group>";
		};
		22E4AD9322361C2100164CE0 /* CharlesGuide */ = {
			isa = PBXGroup;
			children = (
				22C094D22259F6CA00EFED9D /* Service */,
				229581592259DF4F00B1343B /* PokemonList */,
				229581582259DF2600B1343B /* CheckList */,
				22E4AD9422361C2100164CE0 /* AppDelegate.swift */,
				22E4AD9B22361C2400164CE0 /* Assets.xcassets */,
				22E4ADA022361C2400164CE0 /* Info.plist */,
				229581522259D43A00B1343B /* LaunchScreen.storyboard */,
			);
			path = CharlesGuide;
			sourceTree = "<group>";
		};
		2E07D2D771D986F42442D12D /* Pods */ = {
			isa = PBXGroup;
			children = (
				855A86287F5C3FF8EB4C681B /* Pods-CharlesGuide.debug.xcconfig */,
				3091CF309803E9A527B71F24 /* Pods-CharlesGuide.release.xcconfig */,
			);
			name = Pods;
			sourceTree = "<group>";
		};
		D0C28807BAB3E6E35F7B3412 /* Frameworks */ = {
			isa = PBXGroup;
			children = (
				83553143EBC88C79029F136A /* Pods_CharlesGuide.framework */,
			);
			name = Frameworks;
			sourceTree = "<group>";
		};
/* End PBXGroup section */

/* Begin PBXNativeTarget section */
		22E4AD9022361C2100164CE0 /* CharlesGuide */ = {
			isa = PBXNativeTarget;
			buildConfigurationList = 22E4ADA322361C2400164CE0 /* Build configuration list for PBXNativeTarget "CharlesGuide" */;
			buildPhases = (
				E3F2FF138B599D64C47AE19A /* [CP] Check Pods Manifest.lock */,
				22E4AD8D22361C2100164CE0 /* Sources */,
				22E4AD8E22361C2100164CE0 /* Frameworks */,
				22E4AD8F22361C2100164CE0 /* Resources */,
				C4FA06F8491C0F374B3454AE /* [CP] Embed Pods Frameworks */,
			);
			buildRules = (
			);
			dependencies = (
			);
			name = CharlesGuide;
			productName = CharlesGuide;
			productReference = 22E4AD9122361C2100164CE0 /* CharlesGuide.app */;
			productType = "com.apple.product-type.application";
		};
/* End PBXNativeTarget section */

/* Begin PBXProject section */
		22E4AD8922361C2100164CE0 /* Project object */ = {
			isa = PBXProject;
			attributes = {
				LastSwiftUpdateCheck = 1010;
				LastUpgradeCheck = 1010;
				ORGANIZATIONNAME = "Tam Nguyen M.";
				TargetAttributes = {
					22E4AD9022361C2100164CE0 = {
						CreatedOnToolsVersion = 10.1;
					};
				};
			};
			buildConfigurationList = 22E4AD8C22361C2100164CE0 /* Build configuration list for PBXProject "CharlesGuide" */;
			compatibilityVersion = "Xcode 9.3";
			developmentRegion = en;
			hasScannedForEncodings = 0;
			knownRegions = (
				en,
				Base,
			);
			mainGroup = 22E4AD8822361C2100164CE0;
			productRefGroup = 22E4AD9222361C2100164CE0 /* Products */;
			projectDirPath = "";
			projectRoot = "";
			targets = (
				22E4AD9022361C2100164CE0 /* CharlesGuide */,
			);
		};
/* End PBXProject section */

/* Begin PBXResourcesBuildPhase section */
		22E4AD8F22361C2100164CE0 /* Resources */ = {
			isa = PBXResourcesBuildPhase;
			buildActionMask = 2147483647;
			files = (
				229581532259D43A00B1343B /* LaunchScreen.storyboard in Resources */,
				2295815D2259DF6B00B1343B /* PokemonListVC.xib in Resources */,
				22E4AD9C22361C2400164CE0 /* Assets.xcassets in Resources */,
				2295816A2259E00700B1343B /* ChecklistCell.xib in Resources */,
				229581572259D5A300B1343B /* ChecklistVC.xib in Resources */,
				22535C13225C63B50000F46A /* PokemonCell.xib in Resources */,
			);
			runOnlyForDeploymentPostprocessing = 0;
		};
/* End PBXResourcesBuildPhase section */

/* Begin PBXShellScriptBuildPhase section */
		C4FA06F8491C0F374B3454AE /* [CP] Embed Pods Frameworks */ = {
			isa = PBXShellScriptBuildPhase;
			buildActionMask = 2147483647;
			files = (
			);
			inputFileListPaths = (
			);
			inputPaths = (
				"${SRCROOT}/Pods/Target Support Files/Pods-CharlesGuide/Pods-CharlesGuide-frameworks.sh",
				"${BUILT_PRODUCTS_DIR}/Alamofire/Alamofire.framework",
				"${BUILT_PRODUCTS_DIR}/ObjectMapper/ObjectMapper.framework",
				"${BUILT_PRODUCTS_DIR}/SDWebImage/SDWebImage.framework",
			);
			name = "[CP] Embed Pods Frameworks";
			outputFileListPaths = (
			);
			outputPaths = (
				"${TARGET_BUILD_DIR}/${FRAMEWORKS_FOLDER_PATH}/Alamofire.framework",
				"${TARGET_BUILD_DIR}/${FRAMEWORKS_FOLDER_PATH}/ObjectMapper.framework",
				"${TARGET_BUILD_DIR}/${FRAMEWORKS_FOLDER_PATH}/SDWebImage.framework",
			);
			runOnlyForDeploymentPostprocessing = 0;
			shellPath = /bin/sh;
			shellScript = "\"${SRCROOT}/Pods/Target Support Files/Pods-CharlesGuide/Pods-CharlesGuide-frameworks.sh\"\n";
			showEnvVarsInLog = 0;
		};
		E3F2FF138B599D64C47AE19A /* [CP] Check Pods Manifest.lock */ = {
			isa = PBXShellScriptBuildPhase;
			buildActionMask = 2147483647;
			files = (
			);
			inputFileListPaths = (
			);
			inputPaths = (
				"${PODS_PODFILE_DIR_PATH}/Podfile.lock",
				"${PODS_ROOT}/Manifest.lock",
			);
			name = "[CP] Check Pods Manifest.lock";
			outputFileListPaths = (
			);
			outputPaths = (
				"$(DERIVED_FILE_DIR)/Pods-CharlesGuide-checkManifestLockResult.txt",
			);
			runOnlyForDeploymentPostprocessing = 0;
			shellPath = /bin/sh;
			shellScript = "diff \"${PODS_PODFILE_DIR_PATH}/Podfile.lock\" \"${PODS_ROOT}/Manifest.lock\" > /dev/null\nif [ $? != 0 ] ; then\n    # print error to STDERR\n    echo \"error: The sandbox is not in sync with the Podfile.lock. Run 'pod install' or update your CocoaPods installation.\" >&2\n    exit 1\nfi\n# This output is used by Xcode 'outputs' to avoid re-running this script phase.\necho \"SUCCESS\" > \"${SCRIPT_OUTPUT_FILE_0}\"\n";
			showEnvVarsInLog = 0;
		};
/* End PBXShellScriptBuildPhase section */

/* Begin PBXSourcesBuildPhase section */
		22E4AD8D22361C2100164CE0 /* Sources */ = {
			isa = PBXSourcesBuildPhase;
			buildActionMask = 2147483647;
			files = (
				229581692259E00700B1343B /* ChecklistCell.swift in Sources */,
				2272BC31225CA15E00846CC4 /* ChecklistCellViewModel.swift in Sources */,
				22535C0D225C5EC40000F46A /* PokemonService.swift in Sources */,
				22C094D42259F6F800EFED9D /* API.swift in Sources */,
				2295815C2259DF6B00B1343B /* PokemonListVC.swift in Sources */,
				229581562259D5A300B1343B /* ChecklistVC.swift in Sources */,
				225C701C225A4D6F0077D006 /* APIManager.swift in Sources */,
				22E4AD9522361C2100164CE0 /* AppDelegate.swift in Sources */,
				225C701F225A54CC0077D006 /* Models.swift in Sources */,
				22535C17225C63DC0000F46A /* PokemonCellViewModel.swift in Sources */,
				2272BC2F225CA0E600846CC4 /* CheckListViewModel.swift in Sources */,
				22535C15225C63CE0000F46A /* PokemonListViewModel.swift in Sources */,
				22535C12225C63B50000F46A /* PokemonCell.swift in Sources */,
			);
			runOnlyForDeploymentPostprocessing = 0;
		};
/* End PBXSourcesBuildPhase section */

/* Begin XCBuildConfiguration section */
		22E4ADA122361C2400164CE0 /* Debug */ = {
			isa = XCBuildConfiguration;
			buildSettings = {
				ALWAYS_SEARCH_USER_PATHS = NO;
				CLANG_ANALYZER_NONNULL = YES;
				CLANG_ANALYZER_NUMBER_OBJECT_CONVERSION = YES_AGGRESSIVE;
				CLANG_CXX_LANGUAGE_STANDARD = "gnu++14";
				CLANG_CXX_LIBRARY = "libc++";
				CLANG_ENABLE_MODULES = YES;
				CLANG_ENABLE_OBJC_ARC = YES;
				CLANG_ENABLE_OBJC_WEAK = YES;
				CLANG_WARN_BLOCK_CAPTURE_AUTORELEASING = YES;
				CLANG_WARN_BOOL_CONVERSION = YES;
				CLANG_WARN_COMMA = YES;
				CLANG_WARN_CONSTANT_CONVERSION = YES;
				CLANG_WARN_DEPRECATED_OBJC_IMPLEMENTATIONS = YES;
				CLANG_WARN_DIRECT_OBJC_ISA_USAGE = YES_ERROR;
				CLANG_WARN_DOCUMENTATION_COMMENTS = YES;
				CLANG_WARN_EMPTY_BODY = YES;
				CLANG_WARN_ENUM_CONVERSION = YES;
				CLANG_WARN_INFINITE_RECURSION = YES;
				CLANG_WARN_INT_CONVERSION = YES;
				CLANG_WARN_NON_LITERAL_NULL_CONVERSION = YES;
				CLANG_WARN_OBJC_IMPLICIT_RETAIN_SELF = YES;
				CLANG_WARN_OBJC_LITERAL_CONVERSION = YES;
				CLANG_WARN_OBJC_ROOT_CLASS = YES_ERROR;
				CLANG_WARN_RANGE_LOOP_ANALYSIS = YES;
				CLANG_WARN_STRICT_PROTOTYPES = YES;
				CLANG_WARN_SUSPICIOUS_MOVE = YES;
				CLANG_WARN_UNGUARDED_AVAILABILITY = YES_AGGRESSIVE;
				CLANG_WARN_UNREACHABLE_CODE = YES;
				CLANG_WARN__DUPLICATE_METHOD_MATCH = YES;
				CODE_SIGN_IDENTITY = "iPhone Developer";
				COPY_PHASE_STRIP = NO;
				DEBUG_INFORMATION_FORMAT = dwarf;
				ENABLE_STRICT_OBJC_MSGSEND = YES;
				ENABLE_TESTABILITY = YES;
				GCC_C_LANGUAGE_STANDARD = gnu11;
				GCC_DYNAMIC_NO_PIC = NO;
				GCC_NO_COMMON_BLOCKS = YES;
				GCC_OPTIMIZATION_LEVEL = 0;
				GCC_PREPROCESSOR_DEFINITIONS = (
					"DEBUG=1",
					"$(inherited)",
				);
				GCC_WARN_64_TO_32_BIT_CONVERSION = YES;
				GCC_WARN_ABOUT_RETURN_TYPE = YES_ERROR;
				GCC_WARN_UNDECLARED_SELECTOR = YES;
				GCC_WARN_UNINITIALIZED_AUTOS = YES_AGGRESSIVE;
				GCC_WARN_UNUSED_FUNCTION = YES;
				GCC_WARN_UNUSED_VARIABLE = YES;
				IPHONEOS_DEPLOYMENT_TARGET = 12.1;
				MTL_ENABLE_DEBUG_INFO = INCLUDE_SOURCE;
				MTL_FAST_MATH = YES;
				ONLY_ACTIVE_ARCH = YES;
				SDKROOT = iphoneos;
				SWIFT_ACTIVE_COMPILATION_CONDITIONS = DEBUG;
				SWIFT_OPTIMIZATION_LEVEL = "-Onone";
			};
			name = Debug;
		};
		22E4ADA222361C2400164CE0 /* Release */ = {
			isa = XCBuildConfiguration;
			buildSettings = {
				ALWAYS_SEARCH_USER_PATHS = NO;
				CLANG_ANALYZER_NONNULL = YES;
				CLANG_ANALYZER_NUMBER_OBJECT_CONVERSION = YES_AGGRESSIVE;
				CLANG_CXX_LANGUAGE_STANDARD = "gnu++14";
				CLANG_CXX_LIBRARY = "libc++";
				CLANG_ENABLE_MODULES = YES;
				CLANG_ENABLE_OBJC_ARC = YES;
				CLANG_ENABLE_OBJC_WEAK = YES;
				CLANG_WARN_BLOCK_CAPTURE_AUTORELEASING = YES;
				CLANG_WARN_BOOL_CONVERSION = YES;
				CLANG_WARN_COMMA = YES;
				CLANG_WARN_CONSTANT_CONVERSION = YES;
				CLANG_WARN_DEPRECATED_OBJC_IMPLEMENTATIONS = YES;
				CLANG_WARN_DIRECT_OBJC_ISA_USAGE = YES_ERROR;
				CLANG_WARN_DOCUMENTATION_COMMENTS = YES;
				CLANG_WARN_EMPTY_BODY = YES;
				CLANG_WARN_ENUM_CONVERSION = YES;
				CLANG_WARN_INFINITE_RECURSION = YES;
				CLANG_WARN_INT_CONVERSION = YES;
				CLANG_WARN_NON_LITERAL_NULL_CONVERSION = YES;
				CLANG_WARN_OBJC_IMPLICIT_RETAIN_SELF = YES;
				CLANG_WARN_OBJC_LITERAL_CONVERSION = YES;
				CLANG_WARN_OBJC_ROOT_CLASS = YES_ERROR;
				CLANG_WARN_RANGE_LOOP_ANALYSIS = YES;
				CLANG_WARN_STRICT_PROTOTYPES = YES;
				CLANG_WARN_SUSPICIOUS_MOVE = YES;
				CLANG_WARN_UNGUARDED_AVAILABILITY = YES_AGGRESSIVE;
				CLANG_WARN_UNREACHABLE_CODE = YES;
				CLANG_WARN__DUPLICATE_METHOD_MATCH = YES;
				CODE_SIGN_IDENTITY = "iPhone Developer";
				COPY_PHASE_STRIP = NO;
				DEBUG_INFORMATION_FORMAT = "dwarf-with-dsym";
				ENABLE_NS_ASSERTIONS = NO;
				ENABLE_STRICT_OBJC_MSGSEND = YES;
				GCC_C_LANGUAGE_STANDARD = gnu11;
				GCC_NO_COMMON_BLOCKS = YES;
				GCC_WARN_64_TO_32_BIT_CONVERSION = YES;
				GCC_WARN_ABOUT_RETURN_TYPE = YES_ERROR;
				GCC_WARN_UNDECLARED_SELECTOR = YES;
				GCC_WARN_UNINITIALIZED_AUTOS = YES_AGGRESSIVE;
				GCC_WARN_UNUSED_FUNCTION = YES;
				GCC_WARN_UNUSED_VARIABLE = YES;
				IPHONEOS_DEPLOYMENT_TARGET = 12.1;
				MTL_ENABLE_DEBUG_INFO = NO;
				MTL_FAST_MATH = YES;
				SDKROOT = iphoneos;
				SWIFT_COMPILATION_MODE = wholemodule;
				SWIFT_OPTIMIZATION_LEVEL = "-O";
				VALIDATE_PRODUCT = YES;
			};
			name = Release;
		};
		22E4ADA422361C2400164CE0 /* Debug */ = {
			isa = XCBuildConfiguration;
			baseConfigurationReference = 855A86287F5C3FF8EB4C681B /* Pods-CharlesGuide.debug.xcconfig */;
			buildSettings = {
				ASSETCATALOG_COMPILER_APPICON_NAME = AppIcon;
				CODE_SIGN_STYLE = Automatic;
				DEVELOPMENT_TEAM = D4Q882ZZC3;
				INFOPLIST_FILE = CharlesGuide/Info.plist;
				IPHONEOS_DEPLOYMENT_TARGET = 11.0;
				LD_RUNPATH_SEARCH_PATHS = (
					"$(inherited)",
					"@executable_path/Frameworks",
				);
				PRODUCT_BUNDLE_IDENTIFIER = dev.nmint8m.charlesguide;
				PRODUCT_NAME = "$(TARGET_NAME)";
				SWIFT_VERSION = 4.2;
				TARGETED_DEVICE_FAMILY = "1,2";
			};
			name = Debug;
		};
		22E4ADA522361C2400164CE0 /* Release */ = {
			isa = XCBuildConfiguration;
			baseConfigurationReference = 3091CF309803E9A527B71F24 /* Pods-CharlesGuide.release.xcconfig */;
			buildSettings = {
				ASSETCATALOG_COMPILER_APPICON_NAME = AppIcon;
				CODE_SIGN_STYLE = Automatic;
				DEVELOPMENT_TEAM = D4Q882ZZC3;
				INFOPLIST_FILE = CharlesGuide/Info.plist;
				IPHONEOS_DEPLOYMENT_TARGET = 11.0;
				LD_RUNPATH_SEARCH_PATHS = (
					"$(inherited)",
					"@executable_path/Frameworks",
				);
				PRODUCT_BUNDLE_IDENTIFIER = dev.nmint8m.charlesguide;
				PRODUCT_NAME = "$(TARGET_NAME)";
				SWIFT_VERSION = 4.2;
				TARGETED_DEVICE_FAMILY = "1,2";
			};
			name = Release;
		};
/* End XCBuildConfiguration section */

/* Begin XCConfigurationList section */
		22E4AD8C22361C2100164CE0 /* Build configuration list for PBXProject "CharlesGuide" */ = {
			isa = XCConfigurationList;
			buildConfigurations = (
				22E4ADA122361C2400164CE0 /* Debug */,
				22E4ADA222361C2400164CE0 /* Release */,
			);
			defaultConfigurationIsVisible = 0;
			defaultConfigurationName = Release;
		};
		22E4ADA322361C2400164CE0 /* Build configuration list for PBXNativeTarget "CharlesGuide" */ = {
			isa = XCConfigurationList;
			buildConfigurations = (
				22E4ADA422361C2400164CE0 /* Debug */,
				22E4ADA522361C2400164CE0 /* Release */,
			);
			defaultConfigurationIsVisible = 0;
			defaultConfigurationName = Release;
		};
/* End XCConfigurationList section */
	};
	rootObject = 22E4AD8922361C2100164CE0 /* Project object */;
}
